{
  "object": {
    "pins": [
      {
        "package": "AsyncImageLoader",
        "repositoryURL": "https://github.com/dartsyms/AsyncImageLoader.git",
        "state": {
          "branch": "main",
          "revision": "5b9bcba8556df789e3f658d5e0b732f529914bf2",
          "version": null
        }
      },
      {
        "package": "CustomNavigation",
        "repositoryURL": "https://github.com/dartsyms/CustomNavigation.git",
        "state": {
          "branch": "main",
          "revision": "969160761705ee5cd1a38e99b57e75c2f4f55630",
          "version": null
        }
      },
      {
        "package": "DummyApiNetworkClient",
        "repositoryURL": "https://github.com/dartsyms/DummyApiNetworkClient.git",
        "state": {
          "branch": "main",
          "revision": "1ed93ae26ce1af6b16d53762c1a9fd72df033ae8",
          "version": null
        }
      },
      {
        "package": "Realm",
        "repositoryURL": "https://github.com/realm/realm-cocoa",
        "state": {
          "branch": null,
          "revision": "c236b2c1270fe41ba7c101a1d17ef56494987cb9",
          "version": "10.5.0"
        }
      },
      {
        "package": "RealmDatabase",
        "repositoryURL": "https://github.com/realm/realm-core",
        "state": {
          "branch": null,
          "revision": "7390723ae39b432bd00f093ea84e3b79534a202c",
          "version": "10.3.2"
        }
      },
      {
        "package": "Toast",
        "repositoryURL": "https://github.com/scalessec/Toast-Swift",
        "state": {
          "branch": null,
          "revision": "0c9493eeacb102cc614da385cfaaf475379f4ab4",
          "version": "5.0.1"
        }
      }
    ]
  },
  "version": 1
}
