{
  "object": {
    "pins": [
      {
        "package": "DummyApiNetworkClient",
        "repositoryURL": "https://github.com/dartsyms/DummyApiNetworkClient.git",
        "state": {
          "branch": null,
          "revision": "ee61ece229265ddd480d745cf9d5fe623838b0bf",
          "version": null
        }
      }
    ]
  },
  "version": 1
}
