{
  "object": {
    "pins": [
      {
        "package": "AsyncImageLoader",
        "repositoryURL": "https://github.com/dartsyms/AsyncImageLoader.git",
        "state": {
          "branch": "main",
          "revision": "5b9bcba8556df789e3f658d5e0b732f529914bf2",
          "version": null
        }
      },
      {
        "package": "CustomNavigation",
        "repositoryURL": "https://github.com/dartsyms/CustomNavigation.git",
        "state": {
          "branch": "main",
          "revision": "969160761705ee5cd1a38e99b57e75c2f4f55630",
          "version": null
        }
      },
      {
        "package": "DummyApiNetworkClient",
        "repositoryURL": "https://github.com/dartsyms/DummyApiNetworkClient.git",
        "state": {
          "branch": "main",
          "revision": "1ed93ae26ce1af6b16d53762c1a9fd72df033ae8",
          "version": null
        }
      }
    ]
  },
  "version": 1
}
